
Microsoft Visual Studio Solution File, Format Version 12.00
# Visual Studio Version 17
VisualStudioVersion = 17.14.36930.0 d17.14
MinimumVisualStudioVersion = 10.0.40219.1
Project("{FAE04EC0-301F-11D3-BF4B-00C04F79EFBC}") = "Presentation", "Presentation\Presentation.csproj", "{5EF0CC4B-3C65-41BC-89F6-A0682A1675AF}"
EndProject
Project("{FAE04EC0-301F-11D3-BF4B-00C04F79EFBC}") = "Common", "Common\Common.csproj", "{249E9AB7-82A0-4921-BB3B-7E1A83BE4791}"
EndProject
Project("{FAE04EC0-301F-11D3-BF4B-00C04F79EFBC}") = "DataAccess", "DataAccess\DataAccess.csproj", "{B8AC5085-F672-416E-A819-2C443819C3E3}"
EndProject
Global
	GlobalSection(SolutionConfigurationPlatforms) = preSolution
		Debug|Any CPU = Debug|Any CPU
		Release|Any CPU = Release|Any CPU
	EndGlobalSection
	GlobalSection(ProjectConfigurationPlatforms) = postSolution
		{5EF0CC4B-3C65-41BC-89F6-A0682A1675AF}.Debug|Any CPU.ActiveCfg = Debug|Any CPU
		{5EF0CC4B-3C65-41BC-89F6-A0682A1675AF}.Debug|Any CPU.Build.0 = Debug|Any CPU
		{5EF0CC4B-3C65-41BC-89F6-A0682A1675AF}.Release|Any CPU.ActiveCfg = Release|Any CPU
		{5EF0CC4B-3C65-41BC-89F6-A0682A1675AF}.Release|Any CPU.Build.0 = Release|Any CPU
		{249E9AB7-82A0-4921-BB3B-7E1A83BE4791}.Debug|Any CPU.ActiveCfg = Debug|Any CPU
		{249E9AB7-82A0-4921-BB3B-7E1A83BE4791}.Debug|Any CPU.Build.0 = Debug|Any CPU
		{249E9AB7-82A0-4921-BB3B-7E1A83BE4791}.Release|Any CPU.ActiveCfg = Release|Any CPU
		{249E9AB7-82A0-4921-BB3B-7E1A83BE4791}.Release|Any CPU.Build.0 = Release|Any CPU
		{B8AC5085-F672-416E-A819-2C443819C3E3}.Debug|Any CPU.ActiveCfg = Debug|Any CPU
		{B8AC5085-F672-416E-A819-2C443819C3E3}.Debug|Any CPU.Build.0 = Debug|Any CPU
		{B8AC5085-F672-416E-A819-2C443819C3E3}.Release|Any CPU.ActiveCfg = Release|Any CPU
		{B8AC5085-F672-416E-A819-2C443819C3E3}.Release|Any CPU.Build.0 = Release|Any CPU
	EndGlobalSection
	GlobalSection(SolutionProperties) = preSolution
		HideSolutionNode = FALSE
	EndGlobalSection
	GlobalSection(ExtensibilityGlobals) = postSolution
		SolutionGuid = {9854DB8C-7264-4582-81BC-06C7E233892D}
	EndGlobalSection
EndGlobal
